
Microsoft Visual Studio Solution File, Format Version 12.00
# Visual Studio Version 16
VisualStudioVersion = 16.0.30309.148
MinimumVisualStudioVersion = 10.0.40219.1
Project("{FAE04EC0-301F-11D3-BF4B-00C04F79EFBC}") = "report-definition-api-demo", "report-definition-api-demo\report-definition-api-demo.csproj", "{63110B92-0D29-4C9C-AD9E-EC93681541B1}"
EndProject
Global
	GlobalSection(SolutionConfigurationPlatforms) = preSolution
		Debug|Any CPU = Debug|Any CPU
		Release|Any CPU = Release|Any CPU
	EndGlobalSection
	GlobalSection(ProjectConfigurationPlatforms) = postSolution
		{63110B92-0D29-4C9C-AD9E-EC93681541B1}.Debug|Any CPU.ActiveCfg = Debug|Any CPU
		{63110B92-0D29-4C9C-AD9E-EC93681541B1}.Debug|Any CPU.Build.0 = Debug|Any CPU
		{63110B92-0D29-4C9C-AD9E-EC93681541B1}.Release|Any CPU.ActiveCfg = Release|Any CPU
		{63110B92-0D29-4C9C-AD9E-EC93681541B1}.Release|Any CPU.Build.0 = Release|Any CPU
	EndGlobalSection
	GlobalSection(SolutionProperties) = preSolution
		HideSolutionNode = FALSE
	EndGlobalSection
	GlobalSection(ExtensibilityGlobals) = postSolution
		SolutionGuid = {20712871-1DFA-4C8F-94BE-90A894C2605C}
	EndGlobalSection
EndGlobal
